
Microsoft Visual Studio Solution File, Format Version 12.00
Project("{FAE04EC0-301F-11D3-BF4B-00C04F79EFBC}") = "CircleApp", "CircleApp.csproj", "{4DE9EA41-7CCA-4B54-9DBA-407244B2D0FD}"
EndProject
Global
	GlobalSection(SolutionConfigurationPlatforms) = preSolution
		Debug|Any CPU = Debug|Any CPU
		Release|Any CPU = Release|Any CPU
	EndGlobalSection
	GlobalSection(ProjectConfigurationPlatforms) = postSolution
		{4DE9EA41-7CCA-4B54-9DBA-407244B2D0FD}.Debug|Any CPU.ActiveCfg = Debug|Any CPU
		{4DE9EA41-7CCA-4B54-9DBA-407244B2D0FD}.Debug|Any CPU.Build.0 = Debug|Any CPU
		{4DE9EA41-7CCA-4B54-9DBA-407244B2D0FD}.Release|Any CPU.ActiveCfg = Release|Any CPU
		{4DE9EA41-7CCA-4B54-9DBA-407244B2D0FD}.Release|Any CPU.Build.0 = Release|Any CPU
	EndGlobalSection
EndGlobal
